
Microsoft Visual Studio Solution File, Format Version 12.00
# Visual Studio 14
VisualStudioVersion = 14.0.25420.1
MinimumVisualStudioVersion = 10.0.40219.1
Project("{FAE04EC0-301F-11D3-BF4B-00C04F79EFBC}") = "DataManagement", "TestDeTest\DataManagement.csproj", "{FA880563-E5DB-4B9E-BE19-54B7CBA66648}"
EndProject
Project("{FAE04EC0-301F-11D3-BF4B-00C04F79EFBC}") = "Tests", "Tests\Tests.csproj", "{0892336F-7C14-4BA4-89DF-79DF141CA376}"
EndProject
Global
	GlobalSection(SolutionConfigurationPlatforms) = preSolution
		Debug|Any CPU = Debug|Any CPU
		Release|Any CPU = Release|Any CPU
	EndGlobalSection
	GlobalSection(ProjectConfigurationPlatforms) = postSolution
		{FA880563-E5DB-4B9E-BE19-54B7CBA66648}.Debug|Any CPU.ActiveCfg = Debug|Any CPU
		{FA880563-E5DB-4B9E-BE19-54B7CBA66648}.Debug|Any CPU.Build.0 = Debug|Any CPU
		{FA880563-E5DB-4B9E-BE19-54B7CBA66648}.Release|Any CPU.ActiveCfg = Release|Any CPU
		{FA880563-E5DB-4B9E-BE19-54B7CBA66648}.Release|Any CPU.Build.0 = Release|Any CPU
		{0892336F-7C14-4BA4-89DF-79DF141CA376}.Debug|Any CPU.ActiveCfg = Debug|Any CPU
		{0892336F-7C14-4BA4-89DF-79DF141CA376}.Debug|Any CPU.Build.0 = Debug|Any CPU
		{0892336F-7C14-4BA4-89DF-79DF141CA376}.Release|Any CPU.ActiveCfg = Release|Any CPU
		{0892336F-7C14-4BA4-89DF-79DF141CA376}.Release|Any CPU.Build.0 = Release|Any CPU
	EndGlobalSection
	GlobalSection(SolutionProperties) = preSolution
		HideSolutionNode = FALSE
	EndGlobalSection
EndGlobal
